// !$*UTF8*$!
{
	archiveVersion = 1;
	classes = {
	};
	objectVersion = 56;
	objects = {

/* Begin PBXBuildFile section */
		BE2BEBB02B815193006D16D3 /* AppDelegate.swift in Sources */ = {isa = PBXBuildFile; fileRef = BE2BEBAF2B815193006D16D3 /* AppDelegate.swift */; };
		BE2BEBB22B815193006D16D3 /* SceneDelegate.swift in Sources */ = {isa = PBXBuildFile; fileRef = BE2BEBB12B815193006D16D3 /* SceneDelegate.swift */; };
		BE2BEBB42B815193006D16D3 /* ViewController.swift in Sources */ = {isa = PBXBuildFile; fileRef = BE2BEBB32B815193006D16D3 /* ViewController.swift */; };
		BE2BEBB72B815193006D16D3 /* Main.storyboard in Resources */ = {isa = PBXBuildFile; fileRef = BE2BEBB52B815193006D16D3 /* Main.storyboard */; };
		BE2BEBB92B815195006D16D3 /* Assets.xcassets in Resources */ = {isa = PBXBuildFile; fileRef = BE2BEBB82B815195006D16D3 /* Assets.xcassets */; };
		BE2BEBBC2B815195006D16D3 /* LaunchScreen.storyboard in Resources */ = {isa = PBXBuildFile; fileRef = BE2BEBBA2B815195006D16D3 /* LaunchScreen.storyboard */; };
		BE2BEBC62B81573C006D16D3 /* Localizable.strings in Resources */ = {isa = PBXBuildFile; fileRef = BE2BEBC82B81573C006D16D3 /* Localizable.strings */; };
/* End PBXBuildFile section */

/* Begin PBXFileReference section */
		BE2BEBAC2B815193006D16D3 /* MultiLanguageTest.app */ = {isa = PBXFileReference; explicitFileType = wrapper.application; includeInIndex = 0; path = MultiLanguageTest.app; sourceTree = BUILT_PRODUCTS_DIR; };
		BE2BEBAF2B815193006D16D3 /* AppDelegate.swift */ = {isa = PBXFileReference; lastKnownFileType = sourcecode.swift; path = AppDelegate.swift; sourceTree = "<group>"; };
		BE2BEBB12B815193006D16D3 /* SceneDelegate.swift */ = {isa = PBXFileReference; lastKnownFileType = sourcecode.swift; path = SceneDelegate.swift; sourceTree = "<group>"; };
		BE2BEBB32B815193006D16D3 /* ViewController.swift */ = {isa = PBXFileReference; lastKnownFileType = sourcecode.swift; path = ViewController.swift; sourceTree = "<group>"; };
		BE2BEBB62B815193006D16D3 /* Base */ = {isa = PBXFileReference; lastKnownFileType = file.storyboard; name = Base; path = Base.lproj/Main.storyboard; sourceTree = "<group>"; };
		BE2BEBB82B815195006D16D3 /* Assets.xcassets */ = {isa = PBXFileReference; lastKnownFileType = folder.assetcatalog; path = Assets.xcassets; sourceTree = "<group>"; };
		BE2BEBBB2B815195006D16D3 /* Base */ = {isa = PBXFileReference; lastKnownFileType = file.storyboard; name = Base; path = Base.lproj/LaunchScreen.storyboard; sourceTree = "<group>"; };
		BE2BEBBD2B815195006D16D3 /* Info.plist */ = {isa = PBXFileReference; lastKnownFileType = text.plist.xml; path = Info.plist; sourceTree = "<group>"; };
		BE2BEBC32B8156CA006D16D3 /* tr */ = {isa = PBXFileReference; lastKnownFileType = text.plist.strings; name = tr; path = tr.lproj/Main.strings; sourceTree = "<group>"; };
		BE2BEBC72B81573C006D16D3 /* en */ = {isa = PBXFileReference; lastKnownFileType = text.plist.strings; name = en; path = en.lproj/Localizable.strings; sourceTree = "<group>"; };
		BE2BEBC92B815746006D16D3 /* tr */ = {isa = PBXFileReference; lastKnownFileType = text.plist.strings; name = tr; path = tr.lproj/Localizable.strings; sourceTree = "<group>"; };
/* End PBXFileReference section */

/* Begin PBXFrameworksBuildPhase section */
		BE2BEBA92B815193006D16D3 /* Frameworks */ = {
			isa = PBXFrameworksBuildPhase;
			buildActionMask = 2147483647;
			files = (
			);
			runOnlyForDeploymentPostprocessing = 0;
		};
/* End PBXFrameworksBuildPhase section */

/* Begin PBXGroup section */
		BE2BEBA32B815193006D16D3 = {
			isa = PBXGroup;
			children = (
				BE2BEBAE2B815193006D16D3 /* MultiLanguageTest */,
				BE2BEBAD2B815193006D16D3 /* Products */,
			);
			sourceTree = "<group>";
		};
		BE2BEBAD2B815193006D16D3 /* Products */ = {
			isa = PBXGroup;
			children = (
				BE2BEBAC2B815193006D16D3 /* MultiLanguageTest.app */,
			);
			name = Products;
			sourceTree = "<group>";
		};
		BE2BEBAE2B815193006D16D3 /* MultiLanguageTest */ = {
			isa = PBXGroup;
			children = (
				BE2BEBAF2B815193006D16D3 /* AppDelegate.swift */,
				BE2BEBB12B815193006D16D3 /* SceneDelegate.swift */,
				BE2BEBB32B815193006D16D3 /* ViewController.swift */,
				BE2BEBB52B815193006D16D3 /* Main.storyboard */,
				BE2BEBB82B815195006D16D3 /* Assets.xcassets */,
				BE2BEBBA2B815195006D16D3 /* LaunchScreen.storyboard */,
				BE2BEBBD2B815195006D16D3 /* Info.plist */,
				BE2BEBC82B81573C006D16D3 /* Localizable.strings */,
			);
			path = MultiLanguageTest;
			sourceTree = "<group>";
		};
/* End PBXGroup section */

/* Begin PBXNativeTarget section */
		BE2BEBAB2B815193006D16D3 /* MultiLanguageTest */ = {
			isa = PBXNativeTarget;
			buildConfigurationList = BE2BEBC02B815195006D16D3 /* Build configuration list for PBXNativeTarget "MultiLanguageTest" */;
			buildPhases = (
				BE2BEBA82B815193006D16D3 /* Sources */,
				BE2BEBA92B815193006D16D3 /* Frameworks */,
				BE2BEBAA2B815193006D16D3 /* Resources */,
			);
			buildRules = (
			);
			dependencies = (
			);
			name = MultiLanguageTest;
			productName = MultiLanguageTest;
			productReference = BE2BEBAC2B815193006D16D3 /* MultiLanguageTest.app */;
			productType = "com.apple.product-type.application";
		};
/* End PBXNativeTarget section */

/* Begin PBXProject section */
		BE2BEBA42B815193006D16D3 /* Project object */ = {
			isa = PBXProject;
			attributes = {
				BuildIndependentTargetsInParallel = 1;
				LastSwiftUpdateCheck = 1520;
				LastUpgradeCheck = 1520;
				TargetAttributes = {
					BE2BEBAB2B815193006D16D3 = {
						CreatedOnToolsVersion = 15.2;
					};
				};
			};
			buildConfigurationList = BE2BEBA72B815193006D16D3 /* Build configuration list for PBXProject "MultiLanguageTest" */;
			compatibilityVersion = "Xcode 14.0";
			developmentRegion = en;
			hasScannedForEncodings = 0;
			knownRegions = (
				en,
				Base,
				tr,
			);
			mainGroup = BE2BEBA32B815193006D16D3;
			productRefGroup = BE2BEBAD2B815193006D16D3 /* Products */;
			projectDirPath = "";
			projectRoot = "";
			targets = (
				BE2BEBAB2B815193006D16D3 /* MultiLanguageTest */,
			);
		};
/* End PBXProject section */

/* Begin PBXResourcesBuildPhase section */
		BE2BEBAA2B815193006D16D3 /* Resources */ = {
			isa = PBXResourcesBuildPhase;
			buildActionMask = 2147483647;
			files = (
				BE2BEBBC2B815195006D16D3 /* LaunchScreen.storyboard in Resources */,
				BE2BEBC62B81573C006D16D3 /* Localizable.strings in Resources */,
				BE2BEBB92B815195006D16D3 /* Assets.xcassets in Resources */,
				BE2BEBB72B815193006D16D3 /* Main.storyboard in Resources */,
			);
			runOnlyForDeploymentPostprocessing = 0;
		};
/* End PBXResourcesBuildPhase section */

/* Begin PBXSourcesBuildPhase section */
		BE2BEBA82B815193006D16D3 /* Sources */ = {
			isa = PBXSourcesBuildPhase;
			buildActionMask = 2147483647;
			files = (
				BE2BEBB42B815193006D16D3 /* ViewController.swift in Sources */,
				BE2BEBB02B815193006D16D3 /* AppDelegate.swift in Sources */,
				BE2BEBB22B815193006D16D3 /* SceneDelegate.swift in Sources */,
			);
			runOnlyForDeploymentPostprocessing = 0;
		};
/* End PBXSourcesBuildPhase section */

/* Begin PBXVariantGroup section */
		BE2BEBB52B815193006D16D3 /* Main.storyboard */ = {
			isa = PBXVariantGroup;
			children = (
				BE2BEBB62B815193006D16D3 /* Base */,
				BE2BEBC32B8156CA006D16D3 /* tr */,
			);
			name = Main.storyboard;
			sourceTree = "<group>";
		};
		BE2BEBBA2B815195006D16D3 /* LaunchScreen.storyboard */ = {
			isa = PBXVariantGroup;
			children = (
				BE2BEBBB2B815195006D16D3 /* Base */,
			);
			name = LaunchScreen.storyboard;
			sourceTree = "<group>";
		};
		BE2BEBC82B81573C006D16D3 /* Localizable.strings */ = {
			isa = PBXVariantGroup;
			children = (
				BE2BEBC72B81573C006D16D3 /* en */,
				BE2BEBC92B815746006D16D3 /* tr */,
			);
			name = Localizable.strings;
			sourceTree = "<group>";
		};
/* End PBXVariantGroup section */

/* Begin XCBuildConfiguration section */
		BE2BEBBE2B815195006D16D3 /* Debug */ = {
			isa = XCBuildConfiguration;
			buildSettings = {
				ALWAYS_SEARCH_USER_PATHS = NO;
				ASSETCATALOG_COMPILER_GENERATE_SWIFT_ASSET_SYMBOL_EXTENSIONS = YES;
				CLANG_ANALYZER_LOCALIZABILITY_NONLOCALIZED = YES;
				CLANG_ANALYZER_NONNULL = YES;
				CLANG_ANALYZER_NUMBER_OBJECT_CONVERSION = YES_AGGRESSIVE;
				CLANG_CXX_LANGUAGE_STANDARD = "gnu++20";
				CLANG_ENABLE_MODULES = YES;
				CLANG_ENABLE_OBJC_ARC = YES;
				CLANG_ENABLE_OBJC_WEAK = YES;
				CLANG_WARN_BLOCK_CAPTURE_AUTORELEASING = YES;
				CLANG_WARN_BOOL_CONVERSION = YES;
				CLANG_WARN_COMMA = YES;
				CLANG_WARN_CONSTANT_CONVERSION = YES;
				CLANG_WARN_DEPRECATED_OBJC_IMPLEMENTATIONS = YES;
				CLANG_WARN_DIRECT_OBJC_ISA_USAGE = YES_ERROR;
				CLANG_WARN_DOCUMENTATION_COMMENTS = YES;
				CLANG_WARN_EMPTY_BODY = YES;
				CLANG_WARN_ENUM_CONVERSION = YES;
				CLANG_WARN_INFINITE_RECURSION = YES;
				CLANG_WARN_INT_CONVERSION = YES;
				CLANG_WARN_NON_LITERAL_NULL_CONVERSION = YES;
				CLANG_WARN_OBJC_IMPLICIT_RETAIN_SELF = YES;
				CLANG_WARN_OBJC_LITERAL_CONVERSION = YES;
				CLANG_WARN_OBJC_ROOT_CLASS = YES_ERROR;
				CLANG_WARN_QUOTED_INCLUDE_IN_FRAMEWORK_HEADER = YES;
				CLANG_WARN_RANGE_LOOP_ANALYSIS = YES;
				CLANG_WARN_STRICT_PROTOTYPES = YES;
				CLANG_WARN_SUSPICIOUS_MOVE = YES;
				CLANG_WARN_UNGUARDED_AVAILABILITY = YES_AGGRESSIVE;
				CLANG_WARN_UNREACHABLE_CODE = YES;
				CLANG_WARN__DUPLICATE_METHOD_MATCH = YES;
				COPY_PHASE_STRIP = NO;
				DEBUG_INFORMATION_FORMAT = dwarf;
				ENABLE_STRICT_OBJC_MSGSEND = YES;
				ENABLE_TESTABILITY = YES;
				ENABLE_USER_SCRIPT_SANDBOXING = YES;
				GCC_C_LANGUAGE_STANDARD = gnu17;
				GCC_DYNAMIC_NO_PIC = NO;
				GCC_NO_COMMON_BLOCKS = YES;
				GCC_OPTIMIZATION_LEVEL = 0;
				GCC_PREPROCESSOR_DEFINITIONS = (
					"DEBUG=1",
					"$(inherited)",
				);
				GCC_WARN_64_TO_32_BIT_CONVERSION = YES;
				GCC_WARN_ABOUT_RETURN_TYPE = YES_ERROR;
				GCC_WARN_UNDECLARED_SELECTOR = YES;
				GCC_WARN_UNINITIALIZED_AUTOS = YES_AGGRESSIVE;
				GCC_WARN_UNUSED_FUNCTION = YES;
				GCC_WARN_UNUSED_VARIABLE = YES;
				IPHONEOS_DEPLOYMENT_TARGET = 17.2;
				LOCALIZATION_PREFERS_STRING_CATALOGS = YES;
				MTL_ENABLE_DEBUG_INFO = INCLUDE_SOURCE;
				MTL_FAST_MATH = YES;
				ONLY_ACTIVE_ARCH = YES;
				SDKROOT = iphoneos;
				SWIFT_ACTIVE_COMPILATION_CONDITIONS = "DEBUG $(inherited)";
				SWIFT_OPTIMIZATION_LEVEL = "-Onone";
			};
			name = Debug;
		};
		BE2BEBBF2B815195006D16D3 /* Release */ = {
			isa = XCBuildConfiguration;
			buildSettings = {
				ALWAYS_SEARCH_USER_PATHS = NO;
				ASSETCATALOG_COMPILER_GENERATE_SWIFT_ASSET_SYMBOL_EXTENSIONS = YES;
				CLANG_ANALYZER_LOCALIZABILITY_NONLOCALIZED = YES;
				CLANG_ANALYZER_NONNULL = YES;
				CLANG_ANALYZER_NUMBER_OBJECT_CONVERSION = YES_AGGRESSIVE;
				CLANG_CXX_LANGUAGE_STANDARD = "gnu++20";
				CLANG_ENABLE_MODULES = YES;
				CLANG_ENABLE_OBJC_ARC = YES;
				CLANG_ENABLE_OBJC_WEAK = YES;
				CLANG_WARN_BLOCK_CAPTURE_AUTORELEASING = YES;
				CLANG_WARN_BOOL_CONVERSION = YES;
				CLANG_WARN_COMMA = YES;
				CLANG_WARN_CONSTANT_CONVERSION = YES;
				CLANG_WARN_DEPRECATED_OBJC_IMPLEMENTATIONS = YES;
				CLANG_WARN_DIRECT_OBJC_ISA_USAGE = YES_ERROR;
				CLANG_WARN_DOCUMENTATION_COMMENTS = YES;
				CLANG_WARN_EMPTY_BODY = YES;
				CLANG_WARN_ENUM_CONVERSION = YES;
				CLANG_WARN_INFINITE_RECURSION = YES;
				CLANG_WARN_INT_CONVERSION = YES;
				CLANG_WARN_NON_LITERAL_NULL_CONVERSION = YES;
				CLANG_WARN_OBJC_IMPLICIT_RETAIN_SELF = YES;
				CLANG_WARN_OBJC_LITERAL_CONVERSION = YES;
				CLANG_WARN_OBJC_ROOT_CLASS = YES_ERROR;
				CLANG_WARN_QUOTED_INCLUDE_IN_FRAMEWORK_HEADER = YES;
				CLANG_WARN_RANGE_LOOP_ANALYSIS = YES;
				CLANG_WARN_STRICT_PROTOTYPES = YES;
				CLANG_WARN_SUSPICIOUS_MOVE = YES;
				CLANG_WARN_UNGUARDED_AVAILABILITY = YES_AGGRESSIVE;
				CLANG_WARN_UNREACHABLE_CODE = YES;
				CLANG_WARN__DUPLICATE_METHOD_MATCH = YES;
				COPY_PHASE_STRIP = NO;
				DEBUG_INFORMATION_FORMAT = "dwarf-with-dsym";
				ENABLE_NS_ASSERTIONS = NO;
				ENABLE_STRICT_OBJC_MSGSEND = YES;
				ENABLE_USER_SCRIPT_SANDBOXING = YES;
				GCC_C_LANGUAGE_STANDARD = gnu17;
				GCC_NO_COMMON_BLOCKS = YES;
				GCC_WARN_64_TO_32_BIT_CONVERSION = YES;
				GCC_WARN_ABOUT_RETURN_TYPE = YES_ERROR;
				GCC_WARN_UNDECLARED_SELECTOR = YES;
				GCC_WARN_UNINITIALIZED_AUTOS = YES_AGGRESSIVE;
				GCC_WARN_UNUSED_FUNCTION = YES;
				GCC_WARN_UNUSED_VARIABLE = YES;
				IPHONEOS_DEPLOYMENT_TARGET = 17.2;
				LOCALIZATION_PREFERS_STRING_CATALOGS = YES;
				MTL_ENABLE_DEBUG_INFO = NO;
				MTL_FAST_MATH = YES;
				SDKROOT = iphoneos;
				SWIFT_COMPILATION_MODE = wholemodule;
				VALIDATE_PRODUCT = YES;
			};
			name = Release;
		};
		BE2BEBC12B815195006D16D3 /* Debug */ = {
			isa = XCBuildConfiguration;
			buildSettings = {
				ASSETCATALOG_COMPILER_APPICON_NAME = AppIcon;
				ASSETCATALOG_COMPILER_GLOBAL_ACCENT_COLOR_NAME = AccentColor;
				CODE_SIGN_STYLE = Automatic;
				CURRENT_PROJECT_VERSION = 1;
				DEVELOPMENT_TEAM = TB9FQULP95;
				GENERATE_INFOPLIST_FILE = YES;
				INFOPLIST_FILE = MultiLanguageTest/Info.plist;
				INFOPLIST_KEY_UIApplicationSupportsIndirectInputEvents = YES;
				INFOPLIST_KEY_UILaunchStoryboardName = LaunchScreen;
				INFOPLIST_KEY_UIMainStoryboardFile = Main;
				INFOPLIST_KEY_UISupportedInterfaceOrientations_iPad = "UIInterfaceOrientationPortrait UIInterfaceOrientationPortraitUpsideDown UIInterfaceOrientationLandscapeLeft UIInterfaceOrientationLandscapeRight";
				INFOPLIST_KEY_UISupportedInterfaceOrientations_iPhone = "UIInterfaceOrientationPortrait UIInterfaceOrientationLandscapeLeft UIInterfaceOrientationLandscapeRight";
				LD_RUNPATH_SEARCH_PATHS = (
					"$(inherited)",
					"@executable_path/Frameworks",
				);
				MARKETING_VERSION = 1.0;
				PRODUCT_BUNDLE_IDENTIFIER = com.vedatozlu.MultiLanguageTest;
				PRODUCT_NAME = "$(TARGET_NAME)";
				SWIFT_EMIT_LOC_STRINGS = YES;
				SWIFT_VERSION = 5.0;
				TARGETED_DEVICE_FAMILY = "1,2";
			};
			name = Debug;
		};
		BE2BEBC22B815195006D16D3 /* Release */ = {
			isa = XCBuildConfiguration;
			buildSettings = {
				ASSETCATALOG_COMPILER_APPICON_NAME = AppIcon;
				ASSETCATALOG_COMPILER_GLOBAL_ACCENT_COLOR_NAME = AccentColor;
				CODE_SIGN_STYLE = Automatic;
				CURRENT_PROJECT_VERSION = 1;
				DEVELOPMENT_TEAM = TB9FQULP95;
				GENERATE_INFOPLIST_FILE = YES;
				INFOPLIST_FILE = MultiLanguageTest/Info.plist;
				INFOPLIST_KEY_UIApplicationSupportsIndirectInputEvents = YES;
				INFOPLIST_KEY_UILaunchStoryboardName = LaunchScreen;
				INFOPLIST_KEY_UIMainStoryboardFile = Main;
				INFOPLIST_KEY_UISupportedInterfaceOrientations_iPad = "UIInterfaceOrientationPortrait UIInterfaceOrientationPortraitUpsideDown UIInterfaceOrientationLandscapeLeft UIInterfaceOrientationLandscapeRight";
				INFOPLIST_KEY_UISupportedInterfaceOrientations_iPhone = "UIInterfaceOrientationPortrait UIInterfaceOrientationLandscapeLeft UIInterfaceOrientationLandscapeRight";
				LD_RUNPATH_SEARCH_PATHS = (
					"$(inherited)",
					"@executable_path/Frameworks",
				);
				MARKETING_VERSION = 1.0;
				PRODUCT_BUNDLE_IDENTIFIER = com.vedatozlu.MultiLanguageTest;
				PRODUCT_NAME = "$(TARGET_NAME)";
				SWIFT_EMIT_LOC_STRINGS = YES;
				SWIFT_VERSION = 5.0;
				TARGETED_DEVICE_FAMILY = "1,2";
			};
			name = Release;
		};
/* End XCBuildConfiguration section */

/* Begin XCConfigurationList section */
		BE2BEBA72B815193006D16D3 /* Build configuration list for PBXProject "MultiLanguageTest" */ = {
			isa = XCConfigurationList;
			buildConfigurations = (
				BE2BEBBE2B815195006D16D3 /* Debug */,
				BE2BEBBF2B815195006D16D3 /* Release */,
			);
			defaultConfigurationIsVisible = 0;
			defaultConfigurationName = Release;
		};
		BE2BEBC02B815195006D16D3 /* Build configuration list for PBXNativeTarget "MultiLanguageTest" */ = {
			isa = XCConfigurationList;
			buildConfigurations = (
				BE2BEBC12B815195006D16D3 /* Debug */,
				BE2BEBC22B815195006D16D3 /* Release */,
			);
			defaultConfigurationIsVisible = 0;
			defaultConfigurationName = Release;
		};
/* End XCConfigurationList section */
	};
	rootObject = BE2BEBA42B815193006D16D3 /* Project object */;
}
